{
  "requires": true,
  "lockfileVersion": 1,
  "dependencies": {
    "ngx-auth-firebaseui": {
      "version": "4.4.0",
      "resolved": "https://registry.npmjs.org/ngx-auth-firebaseui/-/ngx-auth-firebaseui-4.4.0.tgz",
      "integrity": "sha512-tyhsUvwCO3j7A1d88ACAzoojWjN92iNX2CEHsrkMM+zqx2SbFB8FslVDJ/FSm3Fbq3CXt0FJszh7aDoX7x0rBg==",
      "requires": {
        "tslib": "^1.10.0"
      }
    },
    "tslib": {
      "version": "1.13.0",
      "resolved": "https://registry.npmjs.org/tslib/-/tslib-1.13.0.tgz",
      "integrity": "sha512-i/6DQjL8Xf3be4K/E6Wgpekn5Qasl1usyw++dAA35Ue5orEn65VIxOA+YvNNl9HV3qv70T7CNwjODHZrLwvd1Q=="
    }
  }
}
